{
  "name": "day03",
  "version": "1.0.0",
  "lockfileVersion": 1,
  "requires": true,
  "dependencies": {
    "jquery": {
      "version": "3.4.1",
      "resolved": "https://registry.npmjs.org/jquery/-/jquery-3.4.1.tgz",
      "integrity": "sha512-36+AdBzCL+y6qjw5Tx7HgzeGCzC81MDDgaUP8ld2zhx58HdqXGoBd+tHdrBMiyjGQs0Hxs/MLZTu/eHNJJuWPw=="
    },
    "jquery-ui": {
      "version": "1.12.1",
      "resolved": "https://registry.npmjs.org/jquery-ui/-/jquery-ui-1.12.1.tgz",
      "integrity": "sha1-vLQEXI3QU5wTS8FIjN0+dop6nlE="
    },
    "jquery-ui-css": {
      "version": "1.11.5",
      "resolved": "https://registry.npmjs.org/jquery-ui-css/-/jquery-ui-css-1.11.5.tgz",
      "integrity": "sha512-bdCMquWHJVOn/5QQM03zbgyb5jOD1DtgfqwAOy6Dy6YDdCFs6GoX95J/sZq42lDR/L/fSMjhu8NORagedYi7LQ=="
    }
  }
}
